PODS:
  - Alamofire (4.9.0)
  - FSCalendar (2.8.0)
  - IQKeyboardManagerSwift (6.5.1)
  - SDWebImage (5.2.2):
    - SDWebImage/Core (= 5.2.2)
  - SDWebImage/Core (5.2.2)
  - SWRevealViewController (2.3.0)

DEPENDENCIES:
  - Alamofire
  - FSCalendar
  - IQKeyboardManagerSwift
  - SDWebImage
  - SWRevealViewController

SPEC REPOS:
  trunk:
    - Alamofire
    - FSCalendar
    - IQKeyboardManagerSwift
    - SDWebImage
    - SWRevealViewController

SPEC CHECKSUMS:
  Alamofire: afc3e7c6db61476cb45cdd23fed06bad03bbc321
  FSCalendar: 3a5ed3636e2ba1b83ebebfcf0c2603105a6f5efe
  IQKeyboardManagerSwift: 9ac7524fad9f9fe9a3b98c927e7772471ca546d2
  SDWebImage: 5fcdb02cc35e05fc35791ec514b191d27189f872
  SWRevealViewController: 6d3fd97f70112fd7cef9de14df4260eacce4c63a

PODFILE CHECKSUM: 44b38d70e734a7fd867233ad8e188559a283f8e4

COCOAPODS: 1.11.2
